
Microsoft Visual Studio Solution File, Format Version 12.00
# Visual Studio 14
VisualStudioVersion = 14.0.25420.1
MinimumVisualStudioVersion = 10.0.40219.1
Project("{FAE04EC0-301F-11D3-BF4B-00C04F79EFBC}") = "Coding", "Coding\Coding.csproj", "{373FDF7C-79AD-45A6-A73E-66A1B42B258A}"
EndProject
Project("{2150E333-8FDC-42A3-9474-1A3956D46DE8}") = "Main", "Main", "{8923B0C2-862B-4F78-A7BC-82CCD17555D2}"
EndProject
Project("{2150E333-8FDC-42A3-9474-1A3956D46DE8}") = "Hr", "Hr", "{6BF4F9ED-36F1-4C3B-B8CD-E3DB26C27F99}"
EndProject
Project("{2150E333-8FDC-42A3-9474-1A3956D46DE8}") = "He", "He", "{5A322F74-5913-4B76-B865-1B9876FFE69D}"
EndProject
Project("{2150E333-8FDC-42A3-9474-1A3956D46DE8}") = "Tc", "Tc", "{A2558BBC-3E6B-4B9B-B0D1-15515B042BF2}"
EndProject
Project("{FAE04EC0-301F-11D3-BF4B-00C04F79EFBC}") = "Challenges", "Challenges\Challenges.csproj", "{AF74ADCE-D3F5-43A0-A62B-1BA701204F38}"
EndProject
Global
	GlobalSection(SolutionConfigurationPlatforms) = preSolution
		Debug|Any CPU = Debug|Any CPU
		Release|Any CPU = Release|Any CPU
	EndGlobalSection
	GlobalSection(ProjectConfigurationPlatforms) = postSolution
		{373FDF7C-79AD-45A6-A73E-66A1B42B258A}.Debug|Any CPU.ActiveCfg = Debug|Any CPU
		{373FDF7C-79AD-45A6-A73E-66A1B42B258A}.Debug|Any CPU.Build.0 = Debug|Any CPU
		{373FDF7C-79AD-45A6-A73E-66A1B42B258A}.Release|Any CPU.ActiveCfg = Release|Any CPU
		{373FDF7C-79AD-45A6-A73E-66A1B42B258A}.Release|Any CPU.Build.0 = Release|Any CPU
		{AF74ADCE-D3F5-43A0-A62B-1BA701204F38}.Debug|Any CPU.ActiveCfg = Debug|Any CPU
		{AF74ADCE-D3F5-43A0-A62B-1BA701204F38}.Debug|Any CPU.Build.0 = Debug|Any CPU
		{AF74ADCE-D3F5-43A0-A62B-1BA701204F38}.Release|Any CPU.ActiveCfg = Release|Any CPU
		{AF74ADCE-D3F5-43A0-A62B-1BA701204F38}.Release|Any CPU.Build.0 = Release|Any CPU
	EndGlobalSection
	GlobalSection(SolutionProperties) = preSolution
		HideSolutionNode = FALSE
	EndGlobalSection
	GlobalSection(NestedProjects) = preSolution
		{373FDF7C-79AD-45A6-A73E-66A1B42B258A} = {8923B0C2-862B-4F78-A7BC-82CCD17555D2}
		{AF74ADCE-D3F5-43A0-A62B-1BA701204F38} = {5A322F74-5913-4B76-B865-1B9876FFE69D}
	EndGlobalSection
EndGlobal
